{
  "name": "agentic-agnostic-kit",
  "version": "1.4.0",
  "lockfileVersion": 3,
  "requires": true,
  "packages": {
    "": {
      "name": "agentic-agnostic-kit",
      "version": "1.4.0",
      "license": "MIT",
      "dependencies": {
        "picocolors": "^1.1.1"
      },
      "bin": {
        "agentic-agnostic": "bin/cli.js",
        "agentic-agnostic-kit": "bin/cli.js"
      },
      "engines": {
        "node": ">=18.0.0"
      }
    },
    "node_modules/picocolors": {
      "version": "1.1.1",
      "resolved": "https://registry.npmjs.org/picocolors/-/picocolors-1.1.1.tgz",
      "integrity": "sha512-xceH2snhtb5M9liqDsmEw56le376mTZkEX/jEb/RxNFyegNul7eNslCXP9FDj/Lcu0X8KEyMceP2ntpaHrDEVA==",
      "license": "ISC"
    }
  }
}
